# Generated by Dagger. Pins the images and git refs this workspace uses.
# Any Dagger command may update this file; always commit it with your changes.
# Run `dagger workspace update` to refresh the pinned versions.
[["version","2"]]
["","git-latest",["github.com/dagger/dang-sdk"],"refs/tags/v1"]
["","git-latest",["github.com/dagger/go-sdk"],"refs/tags/v1"]
["","git-latest",["github.com/dagger/sdk-helpers",["version","v1"]],"refs/tags/v1.0.2"]
["","git-latest",["github.com/vito/agents",["tagPrefix","committer"]],"refs/heads/main"]
["","git-latest",["github.com/vito/agents",["tagPrefix","contributor"]],"refs/heads/main"]
["","git-latest",["github.com/vito/agents",["tagPrefix","staff"]],"refs/heads/main"]
["","git-latest",["github.com/vito/editor"],"refs/heads/main"]
["","git-sha",["github.com/dagger/dang-sdk","refs/tags/v1"],"a12114087162920ee4fd3c34033a640eb05eef61"]
["","git-sha",["github.com/dagger/go-sdk","refs/tags/v1"],"043e8c089210667fa38c9d64238075d884cdd66f"]
["","git-sha",["github.com/dagger/sdk-helpers","refs/tags/v1.0.2"],"e5e38a5f0778c5a804931d95e5d0d9953668049a"]
["","git-sha",["github.com/vito/agents","refs/heads/main"],"9750b76c7afdb4051f34a9dccfbc7959d1921401"]
["","git-sha",["github.com/vito/editor","refs/heads/main"],"5481e5ce3a8b97ffb8beaee3a569ad9100e16167"]
["","git-sha",["https://github.com/dagger/dagger","HEAD"],"04b9e81c85d5040df149a95ca793cab71eee1337"]
["","git-sha",["https://github.com/eunomie/empty","HEAD"],"8de4cdfd244137aa83243a283d079cc630e3268a"]
["","git-sha",["https://github.com/eunomie/ws-test","HEAD"],"42501096f5759d18410eb629ec6b4c08a7888a0e"]
["","git-sha",["https://github.com/kpenfound/demo-react-app","HEAD"],"79e749035acf2ce91851d90b6920ebad178acb4f"]